
Microsoft Visual Studio Solution File, Format Version 12.00
# Visual Studio Version 16
VisualStudioVersion = 16.0.29306.81
MinimumVisualStudioVersion = 10.0.40219.1
Project("{FAE04EC0-301F-11D3-BF4B-00C04F79EFBC}") = "nlagb2c", "nlagb2c\nlagb2c.csproj", "{23B5204B-E8F3-4E06-87EC-BC189AD538B0}"
EndProject
Global
	GlobalSection(SolutionConfigurationPlatforms) = preSolution
		Debug|Any CPU = Debug|Any CPU
		Release|Any CPU = Release|Any CPU
	EndGlobalSection
	GlobalSection(ProjectConfigurationPlatforms) = postSolution
		{23B5204B-E8F3-4E06-87EC-BC189AD538B0}.Debug|Any CPU.ActiveCfg = Debug|Any CPU
		{23B5204B-E8F3-4E06-87EC-BC189AD538B0}.Debug|Any CPU.Build.0 = Debug|Any CPU
		{23B5204B-E8F3-4E06-87EC-BC189AD538B0}.Release|Any CPU.ActiveCfg = Release|Any CPU
		{23B5204B-E8F3-4E06-87EC-BC189AD538B0}.Release|Any CPU.Build.0 = Release|Any CPU
	EndGlobalSection
	GlobalSection(SolutionProperties) = preSolution
		HideSolutionNode = FALSE
	EndGlobalSection
	GlobalSection(ExtensibilityGlobals) = postSolution
		SolutionGuid = {F31D6FAB-C0B1-4BBE-B684-D19D7D77972B}
	EndGlobalSection
EndGlobal
